
Microsoft Visual Studio Solution File, Format Version 12.00
# Visual Studio Version 17
VisualStudioVersion = 17.3.32811.315
MinimumVisualStudioVersion = 10.0.40219.1
Project("{9A19103F-16F7-4668-BE54-9A1E7A4F7556}") = "Calculator", "learn-c-sharp-basics\Calculator.csproj", "{91AA7DEA-F600-4F60-9358-FD1935DB2AA0}"
EndProject
Project("{9A19103F-16F7-4668-BE54-9A1E7A4F7556}") = "CalculatorLibrary", "..\CalculatorLibrary\CalculatorLibrary\CalculatorLibrary.csproj", "{86CBD711-15B4-47D6-96EE-C6828BBC4BA0}"
EndProject
Global
	GlobalSection(SolutionConfigurationPlatforms) = preSolution
		Debug|Any CPU = Debug|Any CPU
		Release|Any CPU = Release|Any CPU
	EndGlobalSection
	GlobalSection(ProjectConfigurationPlatforms) = postSolution
		{91AA7DEA-F600-4F60-9358-FD1935DB2AA0}.Debug|Any CPU.ActiveCfg = Debug|Any CPU
		{91AA7DEA-F600-4F60-9358-FD1935DB2AA0}.Debug|Any CPU.Build.0 = Debug|Any CPU
		{91AA7DEA-F600-4F60-9358-FD1935DB2AA0}.Release|Any CPU.ActiveCfg = Release|Any CPU
		{91AA7DEA-F600-4F60-9358-FD1935DB2AA0}.Release|Any CPU.Build.0 = Release|Any CPU
		{86CBD711-15B4-47D6-96EE-C6828BBC4BA0}.Debug|Any CPU.ActiveCfg = Debug|Any CPU
		{86CBD711-15B4-47D6-96EE-C6828BBC4BA0}.Debug|Any CPU.Build.0 = Debug|Any CPU
		{86CBD711-15B4-47D6-96EE-C6828BBC4BA0}.Release|Any CPU.ActiveCfg = Release|Any CPU
		{86CBD711-15B4-47D6-96EE-C6828BBC4BA0}.Release|Any CPU.Build.0 = Release|Any CPU
	EndGlobalSection
	GlobalSection(SolutionProperties) = preSolution
		HideSolutionNode = FALSE
	EndGlobalSection
	GlobalSection(ExtensibilityGlobals) = postSolution
		SolutionGuid = {9E4C672E-AAE9-4A6C-8708-6FF73376E6F7}
	EndGlobalSection
EndGlobal
